<?xml version="1.0" encoding="utf-8"?>
<Project ToolsVersion="4.0" xmlns="http://schemas.microsoft.com/developer/msbuild/2003">
  <ItemGroup>
    <Filter Include="src">
      <UniqueIdentifier>{c10ec150-9423-4144-be4a-d0f3cab3e51d}</UniqueIdentifier>
    </Filter>
  </ItemGroup>
  <ItemGroup>
    <ClCompile Include="$(ProjectDir)\src\DesktopOgsApp.cpp">
      <Filter>src</Filter>
    </ClCompile>
    <ClCompile Include="src\OgsSubMesh.cpp">
      <Filter>src</Filter>
    </ClCompile>
  </ItemGroup>
  <ItemGroup>
    <ClInclude Include="src\OgsSubMesh.h">
      <Filter>src</Filter>
    </ClInclude>
  </ItemGroup>
</Project>